// !$*UTF8*$!
{
	archiveVersion = 1;
	classes = {
	};
	objectVersion = 50;
	objects = {

/* Begin PBXBuildFile section */
		E4168ADD235EF6620020EFEB /* HighlightButton.swift in Sources */ = {isa = PBXBuildFile; fileRef = E4168ADC235EF6620020EFEB /* HighlightButton.swift */; };
		E4168ADF235F097E0020EFEB /* BlackjackViewController.swift in Sources */ = {isa = PBXBuildFile; fileRef = E4168ADE235F097E0020EFEB /* BlackjackViewController.swift */; };
		E436C860237173CD00539050 /* HomeTableViewController.swift in Sources */ = {isa = PBXBuildFile; fileRef = E436C85F237173CD00539050 /* HomeTableViewController.swift */; };
		E43771D0235F66080076A591 /* PokerViewController.swift in Sources */ = {isa = PBXBuildFile; fileRef = E43771CF235F66080076A591 /* PokerViewController.swift */; };
		E494364C234C74D900B3B71C /* Main.storyboard in Resources */ = {isa = PBXBuildFile; fileRef = E494364A234C74D900B3B71C /* Main.storyboard */; };
		E494364E234C74DC00B3B71C /* Assets.xcassets in Resources */ = {isa = PBXBuildFile; fileRef = E494364D234C74DC00B3B71C /* Assets.xcassets */; };
		E4943651234C74DC00B3B71C /* LaunchScreen.storyboard in Resources */ = {isa = PBXBuildFile; fileRef = E494364F234C74DC00B3B71C /* LaunchScreen.storyboard */; };
		E494365C234C74DC00B3B71C /* WarCardGameTests.swift in Sources */ = {isa = PBXBuildFile; fileRef = E494365B234C74DC00B3B71C /* WarCardGameTests.swift */; };
		E4943667234C74DC00B3B71C /* WarCardGameUITests.swift in Sources */ = {isa = PBXBuildFile; fileRef = E4943666234C74DC00B3B71C /* WarCardGameUITests.swift */; };
		E4A5DB90239F833C0025DD13 /* BlackjackButton.swift in Sources */ = {isa = PBXBuildFile; fileRef = E4A5DB8F239F833C0025DD13 /* BlackjackButton.swift */; };
		E4A5DB93239F8A480025DD13 /* BetViewController.swift in Sources */ = {isa = PBXBuildFile; fileRef = E4A5DB92239F8A480025DD13 /* BetViewController.swift */; };
		E4A5DB95239F9E100025DD13 /* Gebruiker.swift in Sources */ = {isa = PBXBuildFile; fileRef = E4A5DB94239F9E100025DD13 /* Gebruiker.swift */; };
		E4A5DB97239F9F880025DD13 /* Deck.swift in Sources */ = {isa = PBXBuildFile; fileRef = E40F1680237ABB3600229C78 /* Deck.swift */; };
		E4A5DB99239F9FD00025DD13 /* DrawCard.swift in Sources */ = {isa = PBXBuildFile; fileRef = E4A5DB98239F9FD00025DD13 /* DrawCard.swift */; };
		E4A5DB9B239F9FF10025DD13 /* Card.swift in Sources */ = {isa = PBXBuildFile; fileRef = E4A5DB9A239F9FF10025DD13 /* Card.swift */; };
		E4C330F5236F22D5004CD201 /* AppDelegate.swift in Sources */ = {isa = PBXBuildFile; fileRef = E4C330F4236F22D5004CD201 /* AppDelegate.swift */; };
/* End PBXBuildFile section */

/* Begin PBXContainerItemProxy section */
		E4943658234C74DC00B3B71C /* PBXContainerItemProxy */ = {
			isa = PBXContainerItemProxy;
			containerPortal = E494363B234C74D900B3B71C /* Project object */;
			proxyType = 1;
			remoteGlobalIDString = E4943642234C74D900B3B71C;
			remoteInfo = WarCardGame;
		};
		E4943663234C74DC00B3B71C /* PBXContainerItemProxy */ = {
			isa = PBXContainerItemProxy;
			containerPortal = E494363B234C74D900B3B71C /* Project object */;
			proxyType = 1;
			remoteGlobalIDString = E4943642234C74D900B3B71C;
			remoteInfo = WarCardGame;
		};
/* End PBXContainerItemProxy section */

/* Begin PBXFileReference section */
		E40F1680237ABB3600229C78 /* Deck.swift */ = {isa = PBXFileReference; lastKnownFileType = sourcecode.swift; path = Deck.swift; sourceTree = "<group>"; };
		E4168ADC235EF6620020EFEB /* HighlightButton.swift */ = {isa = PBXFileReference; lastKnownFileType = sourcecode.swift; path = HighlightButton.swift; sourceTree = "<group>"; };
		E4168ADE235F097E0020EFEB /* BlackjackViewController.swift */ = {isa = PBXFileReference; lastKnownFileType = sourcecode.swift; path = BlackjackViewController.swift; sourceTree = "<group>"; };
		E436C85F237173CD00539050 /* HomeTableViewController.swift */ = {isa = PBXFileReference; lastKnownFileType = sourcecode.swift; path = HomeTableViewController.swift; sourceTree = "<group>"; };
		E43771CF235F66080076A591 /* PokerViewController.swift */ = {isa = PBXFileReference; lastKnownFileType = sourcecode.swift; path = PokerViewController.swift; sourceTree = "<group>"; };
		E4943643234C74D900B3B71C /* WarCardGame.app */ = {isa = PBXFileReference; explicitFileType = wrapper.application; includeInIndex = 0; path = WarCardGame.app; sourceTree = BUILT_PRODUCTS_DIR; };
		E494364B234C74D900B3B71C /* Base */ = {isa = PBXFileReference; lastKnownFileType = file.storyboard; name = Base; path = Base.lproj/Main.storyboard; sourceTree = "<group>"; };
		E494364D234C74DC00B3B71C /* Assets.xcassets */ = {isa = PBXFileReference; lastKnownFileType = folder.assetcatalog; path = Assets.xcassets; sourceTree = "<group>"; };
		E4943650234C74DC00B3B71C /* Base */ = {isa = PBXFileReference; lastKnownFileType = file.storyboard; name = Base; path = Base.lproj/LaunchScreen.storyboard; sourceTree = "<group>"; };
		E4943652234C74DC00B3B71C /* Info.plist */ = {isa = PBXFileReference; lastKnownFileType = text.plist.xml; path = Info.plist; sourceTree = "<group>"; };
		E4943657234C74DC00B3B71C /* WarCardGameTests.xctest */ = {isa = PBXFileReference; explicitFileType = wrapper.cfbundle; includeInIndex = 0; path = WarCardGameTests.xctest; sourceTree = BUILT_PRODUCTS_DIR; };
		E494365B234C74DC00B3B71C /* WarCardGameTests.swift */ = {isa = PBXFileReference; lastKnownFileType = sourcecode.swift; path = WarCardGameTests.swift; sourceTree = "<group>"; };
		E494365D234C74DC00B3B71C /* Info.plist */ = {isa = PBXFileReference; lastKnownFileType = text.plist.xml; path = Info.plist; sourceTree = "<group>"; };
		E4943662234C74DC00B3B71C /* WarCardGameUITests.xctest */ = {isa = PBXFileReference; explicitFileType = wrapper.cfbundle; includeInIndex = 0; path = WarCardGameUITests.xctest; sourceTree = BUILT_PRODUCTS_DIR; };
		E4943666234C74DC00B3B71C /* WarCardGameUITests.swift */ = {isa = PBXFileReference; lastKnownFileType = sourcecode.swift; path = WarCardGameUITests.swift; sourceTree = "<group>"; };
		E4943668234C74DC00B3B71C /* Info.plist */ = {isa = PBXFileReference; lastKnownFileType = text.plist.xml; path = Info.plist; sourceTree = "<group>"; };
		E4A5DB8F239F833C0025DD13 /* BlackjackButton.swift */ = {isa = PBXFileReference; lastKnownFileType = sourcecode.swift; path = BlackjackButton.swift; sourceTree = "<group>"; };
		E4A5DB92239F8A480025DD13 /* BetViewController.swift */ = {isa = PBXFileReference; lastKnownFileType = sourcecode.swift; path = BetViewController.swift; sourceTree = "<group>"; };
		E4A5DB94239F9E100025DD13 /* Gebruiker.swift */ = {isa = PBXFileReference; lastKnownFileType = sourcecode.swift; path = Gebruiker.swift; sourceTree = "<group>"; };
		E4A5DB98239F9FD00025DD13 /* DrawCard.swift */ = {isa = PBXFileReference; lastKnownFileType = sourcecode.swift; path = DrawCard.swift; sourceTree = "<group>"; };
		E4A5DB9A239F9FF10025DD13 /* Card.swift */ = {isa = PBXFileReference; lastKnownFileType = sourcecode.swift; path = Card.swift; sourceTree = "<group>"; };
		E4C330F4236F22D5004CD201 /* AppDelegate.swift */ = {isa = PBXFileReference; lastKnownFileType = sourcecode.swift; path = AppDelegate.swift; sourceTree = "<group>"; };
/* End PBXFileReference section */

/* Begin PBXFrameworksBuildPhase section */
		E4943640234C74D900B3B71C /* Frameworks */ = {
			isa = PBXFrameworksBuildPhase;
			buildActionMask = 2147483647;
			files = (
			);
			runOnlyForDeploymentPostprocessing = 0;
		};
		E4943654234C74DC00B3B71C /* Frameworks */ = {
			isa = PBXFrameworksBuildPhase;
			buildActionMask = 2147483647;
			files = (
			);
			runOnlyForDeploymentPostprocessing = 0;
		};
		E494365F234C74DC00B3B71C /* Frameworks */ = {
			isa = PBXFrameworksBuildPhase;
			buildActionMask = 2147483647;
			files = (
			);
			runOnlyForDeploymentPostprocessing = 0;
		};
/* End PBXFrameworksBuildPhase section */

/* Begin PBXGroup section */
		E494363A234C74D900B3B71C = {
			isa = PBXGroup;
			children = (
				E4943645234C74D900B3B71C /* WarCardGame */,
				E494365A234C74DC00B3B71C /* WarCardGameTests */,
				E4943665234C74DC00B3B71C /* WarCardGameUITests */,
				E4943644234C74D900B3B71C /* Products */,
			);
			sourceTree = "<group>";
		};
		E4943644234C74D900B3B71C /* Products */ = {
			isa = PBXGroup;
			children = (
				E4943643234C74D900B3B71C /* WarCardGame.app */,
				E4943657234C74DC00B3B71C /* WarCardGameTests.xctest */,
				E4943662234C74DC00B3B71C /* WarCardGameUITests.xctest */,
			);
			name = Products;
			sourceTree = "<group>";
		};
		E4943645234C74D900B3B71C /* WarCardGame */ = {
			isa = PBXGroup;
			children = (
				E4A5DB96239F9F820025DD13 /* Models */,
				E4A5DB91239F89FC0025DD13 /* ViewControllers */,
				E4A5DB8E239F82CD0025DD13 /* Themes */,
				E4C330F4236F22D5004CD201 /* AppDelegate.swift */,
				E494364A234C74D900B3B71C /* Main.storyboard */,
				E494364D234C74DC00B3B71C /* Assets.xcassets */,
				E494364F234C74DC00B3B71C /* LaunchScreen.storyboard */,
				E4943652234C74DC00B3B71C /* Info.plist */,
			);
			path = WarCardGame;
			sourceTree = "<group>";
		};
		E494365A234C74DC00B3B71C /* WarCardGameTests */ = {
			isa = PBXGroup;
			children = (
				E494365B234C74DC00B3B71C /* WarCardGameTests.swift */,
				E494365D234C74DC00B3B71C /* Info.plist */,
			);
			path = WarCardGameTests;
			sourceTree = "<group>";
		};
		E4943665234C74DC00B3B71C /* WarCardGameUITests */ = {
			isa = PBXGroup;
			children = (
				E4943666234C74DC00B3B71C /* WarCardGameUITests.swift */,
				E4943668234C74DC00B3B71C /* Info.plist */,
			);
			path = WarCardGameUITests;
			sourceTree = "<group>";
		};
		E4A5DB8E239F82CD0025DD13 /* Themes */ = {
			isa = PBXGroup;
			children = (
				E4168ADC235EF6620020EFEB /* HighlightButton.swift */,
				E4A5DB8F239F833C0025DD13 /* BlackjackButton.swift */,
			);
			name = Themes;
			sourceTree = "<group>";
		};
		E4A5DB91239F89FC0025DD13 /* ViewControllers */ = {
			isa = PBXGroup;
			children = (
				E43771CF235F66080076A591 /* PokerViewController.swift */,
				E4168ADE235F097E0020EFEB /* BlackjackViewController.swift */,
				E436C85F237173CD00539050 /* HomeTableViewController.swift */,
				E4A5DB92239F8A480025DD13 /* BetViewController.swift */,
			);
			name = ViewControllers;
			sourceTree = "<group>";
		};
		E4A5DB96239F9F820025DD13 /* Models */ = {
			isa = PBXGroup;
			children = (
				E40F1680237ABB3600229C78 /* Deck.swift */,
				E4A5DB94239F9E100025DD13 /* Gebruiker.swift */,
				E4A5DB98239F9FD00025DD13 /* DrawCard.swift */,
				E4A5DB9A239F9FF10025DD13 /* Card.swift */,
			);
			name = Models;
			sourceTree = "<group>";
		};
/* End PBXGroup section */

/* Begin PBXNativeTarget section */
		E4943642234C74D900B3B71C /* WarCardGame */ = {
			isa = PBXNativeTarget;
			buildConfigurationList = E494366B234C74DC00B3B71C /* Build configuration list for PBXNativeTarget "WarCardGame" */;
			buildPhases = (
				E494363F234C74D900B3B71C /* Sources */,
				E4943640234C74D900B3B71C /* Frameworks */,
				E4943641234C74D900B3B71C /* Resources */,
			);
			buildRules = (
			);
			dependencies = (
			);
			name = WarCardGame;
			productName = WarCardGame;
			productReference = E4943643234C74D900B3B71C /* WarCardGame.app */;
			productType = "com.apple.product-type.application";
		};
		E4943656234C74DC00B3B71C /* WarCardGameTests */ = {
			isa = PBXNativeTarget;
			buildConfigurationList = E494366E234C74DC00B3B71C /* Build configuration list for PBXNativeTarget "WarCardGameTests" */;
			buildPhases = (
				E4943653234C74DC00B3B71C /* Sources */,
				E4943654234C74DC00B3B71C /* Frameworks */,
				E4943655234C74DC00B3B71C /* Resources */,
			);
			buildRules = (
			);
			dependencies = (
				E4943659234C74DC00B3B71C /* PBXTargetDependency */,
			);
			name = WarCardGameTests;
			productName = WarCardGameTests;
			productReference = E4943657234C74DC00B3B71C /* WarCardGameTests.xctest */;
			productType = "com.apple.product-type.bundle.unit-test";
		};
		E4943661234C74DC00B3B71C /* WarCardGameUITests */ = {
			isa = PBXNativeTarget;
			buildConfigurationList = E4943671234C74DC00B3B71C /* Build configuration list for PBXNativeTarget "WarCardGameUITests" */;
			buildPhases = (
				E494365E234C74DC00B3B71C /* Sources */,
				E494365F234C74DC00B3B71C /* Frameworks */,
				E4943660234C74DC00B3B71C /* Resources */,
			);
			buildRules = (
			);
			dependencies = (
				E4943664234C74DC00B3B71C /* PBXTargetDependency */,
			);
			name = WarCardGameUITests;
			productName = WarCardGameUITests;
			productReference = E4943662234C74DC00B3B71C /* WarCardGameUITests.xctest */;
			productType = "com.apple.product-type.bundle.ui-testing";
		};
/* End PBXNativeTarget section */

/* Begin PBXProject section */
		E494363B234C74D900B3B71C /* Project object */ = {
			isa = PBXProject;
			attributes = {
				LastSwiftUpdateCheck = 1030;
				LastUpgradeCheck = 1030;
				ORGANIZATIONNAME = "Yannick Olivier";
				TargetAttributes = {
					E4943642234C74D900B3B71C = {
						CreatedOnToolsVersion = 10.3;
					};
					E4943656234C74DC00B3B71C = {
						CreatedOnToolsVersion = 10.3;
						TestTargetID = E4943642234C74D900B3B71C;
					};
					E4943661234C74DC00B3B71C = {
						CreatedOnToolsVersion = 10.3;
						TestTargetID = E4943642234C74D900B3B71C;
					};
				};
			};
			buildConfigurationList = E494363E234C74D900B3B71C /* Build configuration list for PBXProject "WarCardGame" */;
			compatibilityVersion = "Xcode 9.3";
			developmentRegion = en;
			hasScannedForEncodings = 0;
			knownRegions = (
				en,
				Base,
			);
			mainGroup = E494363A234C74D900B3B71C;
			productRefGroup = E4943644234C74D900B3B71C /* Products */;
			projectDirPath = "";
			projectRoot = "";
			targets = (
				E4943642234C74D900B3B71C /* WarCardGame */,
				E4943656234C74DC00B3B71C /* WarCardGameTests */,
				E4943661234C74DC00B3B71C /* WarCardGameUITests */,
			);
		};
/* End PBXProject section */

/* Begin PBXResourcesBuildPhase section */
		E4943641234C74D900B3B71C /* Resources */ = {
			isa = PBXResourcesBuildPhase;
			buildActionMask = 2147483647;
			files = (
				E4943651234C74DC00B3B71C /* LaunchScreen.storyboard in Resources */,
				E494364E234C74DC00B3B71C /* Assets.xcassets in Resources */,
				E494364C234C74D900B3B71C /* Main.storyboard in Resources */,
			);
			runOnlyForDeploymentPostprocessing = 0;
		};
		E4943655234C74DC00B3B71C /* Resources */ = {
			isa = PBXResourcesBuildPhase;
			buildActionMask = 2147483647;
			files = (
			);
			runOnlyForDeploymentPostprocessing = 0;
		};
		E4943660234C74DC00B3B71C /* Resources */ = {
			isa = PBXResourcesBuildPhase;
			buildActionMask = 2147483647;
			files = (
			);
			runOnlyForDeploymentPostprocessing = 0;
		};
/* End PBXResourcesBuildPhase section */

/* Begin PBXSourcesBuildPhase section */
		E494363F234C74D900B3B71C /* Sources */ = {
			isa = PBXSourcesBuildPhase;
			buildActionMask = 2147483647;
			files = (
				E4A5DB97239F9F880025DD13 /* Deck.swift in Sources */,
				E4A5DB90239F833C0025DD13 /* BlackjackButton.swift in Sources */,
				E436C860237173CD00539050 /* HomeTableViewController.swift in Sources */,
				E4A5DB95239F9E100025DD13 /* Gebruiker.swift in Sources */,
				E4C330F5236F22D5004CD201 /* AppDelegate.swift in Sources */,
				E4168ADD235EF6620020EFEB /* HighlightButton.swift in Sources */,
				E43771D0235F66080076A591 /* PokerViewController.swift in Sources */,
				E4A5DB99239F9FD00025DD13 /* DrawCard.swift in Sources */,
				E4A5DB93239F8A480025DD13 /* BetViewController.swift in Sources */,
				E4168ADF235F097E0020EFEB /* BlackjackViewController.swift in Sources */,
				E4A5DB9B239F9FF10025DD13 /* Card.swift in Sources */,
			);
			runOnlyForDeploymentPostprocessing = 0;
		};
		E4943653234C74DC00B3B71C /* Sources */ = {
			isa = PBXSourcesBuildPhase;
			buildActionMask = 2147483647;
			files = (
				E494365C234C74DC00B3B71C /* WarCardGameTests.swift in Sources */,
			);
			runOnlyForDeploymentPostprocessing = 0;
		};
		E494365E234C74DC00B3B71C /* Sources */ = {
			isa = PBXSourcesBuildPhase;
			buildActionMask = 2147483647;
			files = (
				E4943667234C74DC00B3B71C /* WarCardGameUITests.swift in Sources */,
			);
			runOnlyForDeploymentPostprocessing = 0;
		};
/* End PBXSourcesBuildPhase section */

/* Begin PBXTargetDependency section */
		E4943659234C74DC00B3B71C /* PBXTargetDependency */ = {
			isa = PBXTargetDependency;
			target = E4943642234C74D900B3B71C /* WarCardGame */;
			targetProxy = E4943658234C74DC00B3B71C /* PBXContainerItemProxy */;
		};
		E4943664234C74DC00B3B71C /* PBXTargetDependency */ = {
			isa = PBXTargetDependency;
			target = E4943642234C74D900B3B71C /* WarCardGame */;
			targetProxy = E4943663234C74DC00B3B71C /* PBXContainerItemProxy */;
		};
/* End PBXTargetDependency section */

/* Begin PBXVariantGroup section */
		E494364A234C74D900B3B71C /* Main.storyboard */ = {
			isa = PBXVariantGroup;
			children = (
				E494364B234C74D900B3B71C /* Base */,
			);
			name = Main.storyboard;
			sourceTree = "<group>";
		};
		E494364F234C74DC00B3B71C /* LaunchScreen.storyboard */ = {
			isa = PBXVariantGroup;
			children = (
				E4943650234C74DC00B3B71C /* Base */,
			);
			name = LaunchScreen.storyboard;
			sourceTree = "<group>";
		};
/* End PBXVariantGroup section */

/* Begin XCBuildConfiguration section */
		E4943669234C74DC00B3B71C /* Debug */ = {
			isa = XCBuildConfiguration;
			buildSettings = {
				ALWAYS_SEARCH_USER_PATHS = NO;
				CLANG_ANALYZER_NONNULL = YES;
				CLANG_ANALYZER_NUMBER_OBJECT_CONVERSION = YES_AGGRESSIVE;
				CLANG_CXX_LANGUAGE_STANDARD = "gnu++14";
				CLANG_CXX_LIBRARY = "libc++";
				CLANG_ENABLE_MODULES = YES;
				CLANG_ENABLE_OBJC_ARC = YES;
				CLANG_ENABLE_OBJC_WEAK = YES;
				CLANG_WARN_BLOCK_CAPTURE_AUTORELEASING = YES;
				CLANG_WARN_BOOL_CONVERSION = YES;
				CLANG_WARN_COMMA = YES;
				CLANG_WARN_CONSTANT_CONVERSION = YES;
				CLANG_WARN_DEPRECATED_OBJC_IMPLEMENTATIONS = YES;
				CLANG_WARN_DIRECT_OBJC_ISA_USAGE = YES_ERROR;
				CLANG_WARN_DOCUMENTATION_COMMENTS = YES;
				CLANG_WARN_EMPTY_BODY = YES;
				CLANG_WARN_ENUM_CONVERSION = YES;
				CLANG_WARN_INFINITE_RECURSION = YES;
				CLANG_WARN_INT_CONVERSION = YES;
				CLANG_WARN_NON_LITERAL_NULL_CONVERSION = YES;
				CLANG_WARN_OBJC_IMPLICIT_RETAIN_SELF = YES;
				CLANG_WARN_OBJC_LITERAL_CONVERSION = YES;
				CLANG_WARN_OBJC_ROOT_CLASS = YES_ERROR;
				CLANG_WARN_RANGE_LOOP_ANALYSIS = YES;
				CLANG_WARN_STRICT_PROTOTYPES = YES;
				CLANG_WARN_SUSPICIOUS_MOVE = YES;
				CLANG_WARN_UNGUARDED_AVAILABILITY = YES_AGGRESSIVE;
				CLANG_WARN_UNREACHABLE_CODE = YES;
				CLANG_WARN__DUPLICATE_METHOD_MATCH = YES;
				CODE_SIGN_IDENTITY = "iPhone Developer";
				COPY_PHASE_STRIP = NO;
				DEBUG_INFORMATION_FORMAT = dwarf;
				ENABLE_STRICT_OBJC_MSGSEND = YES;
				ENABLE_TESTABILITY = YES;
				GCC_C_LANGUAGE_STANDARD = gnu11;
				GCC_DYNAMIC_NO_PIC = NO;
				GCC_NO_COMMON_BLOCKS = YES;
				GCC_OPTIMIZATION_LEVEL = 0;
				GCC_PREPROCESSOR_DEFINITIONS = (
					"DEBUG=1",
					"$(inherited)",
				);
				GCC_WARN_64_TO_32_BIT_CONVERSION = YES;
				GCC_WARN_ABOUT_RETURN_TYPE = YES_ERROR;
				GCC_WARN_UNDECLARED_SELECTOR = YES;
				GCC_WARN_UNINITIALIZED_AUTOS = YES_AGGRESSIVE;
				GCC_WARN_UNUSED_FUNCTION = YES;
				GCC_WARN_UNUSED_VARIABLE = YES;
				IPHONEOS_DEPLOYMENT_TARGET = 12.3;
				MTL_ENABLE_DEBUG_INFO = INCLUDE_SOURCE;
				MTL_FAST_MATH = YES;
				ONLY_ACTIVE_ARCH = YES;
				SDKROOT = iphoneos;
				SWIFT_ACTIVE_COMPILATION_CONDITIONS = DEBUG;
				SWIFT_OPTIMIZATION_LEVEL = "-Onone";
			};
			name = Debug;
		};
		E494366A234C74DC00B3B71C /* Release */ = {
			isa = XCBuildConfiguration;
			buildSettings = {
				ALWAYS_SEARCH_USER_PATHS = NO;
				CLANG_ANALYZER_NONNULL = YES;
				CLANG_ANALYZER_NUMBER_OBJECT_CONVERSION = YES_AGGRESSIVE;
				CLANG_CXX_LANGUAGE_STANDARD = "gnu++14";
				CLANG_CXX_LIBRARY = "libc++";
				CLANG_ENABLE_MODULES = YES;
				CLANG_ENABLE_OBJC_ARC = YES;
				CLANG_ENABLE_OBJC_WEAK = YES;
				CLANG_WARN_BLOCK_CAPTURE_AUTORELEASING = YES;
				CLANG_WARN_BOOL_CONVERSION = YES;
				CLANG_WARN_COMMA = YES;
				CLANG_WARN_CONSTANT_CONVERSION = YES;
				CLANG_WARN_DEPRECATED_OBJC_IMPLEMENTATIONS = YES;
				CLANG_WARN_DIRECT_OBJC_ISA_USAGE = YES_ERROR;
				CLANG_WARN_DOCUMENTATION_COMMENTS = YES;
				CLANG_WARN_EMPTY_BODY = YES;
				CLANG_WARN_ENUM_CONVERSION = YES;
				CLANG_WARN_INFINITE_RECURSION = YES;
				CLANG_WARN_INT_CONVERSION = YES;
				CLANG_WARN_NON_LITERAL_NULL_CONVERSION = YES;
				CLANG_WARN_OBJC_IMPLICIT_RETAIN_SELF = YES;
				CLANG_WARN_OBJC_LITERAL_CONVERSION = YES;
				CLANG_WARN_OBJC_ROOT_CLASS = YES_ERROR;
				CLANG_WARN_RANGE_LOOP_ANALYSIS = YES;
				CLANG_WARN_STRICT_PROTOTYPES = YES;
				CLANG_WARN_SUSPICIOUS_MOVE = YES;
				CLANG_WARN_UNGUARDED_AVAILABILITY = YES_AGGRESSIVE;
				CLANG_WARN_UNREACHABLE_CODE = YES;
				CLANG_WARN__DUPLICATE_METHOD_MATCH = YES;
				CODE_SIGN_IDENTITY = "iPhone Developer";
				COPY_PHASE_STRIP = NO;
				DEBUG_INFORMATION_FORMAT = "dwarf-with-dsym";
				ENABLE_NS_ASSERTIONS = NO;
				ENABLE_STRICT_OBJC_MSGSEND = YES;
				GCC_C_LANGUAGE_STANDARD = gnu11;
				GCC_NO_COMMON_BLOCKS = YES;
				GCC_WARN_64_TO_32_BIT_CONVERSION = YES;
				GCC_WARN_ABOUT_RETURN_TYPE = YES_ERROR;
				GCC_WARN_UNDECLARED_SELECTOR = YES;
				GCC_WARN_UNINITIALIZED_AUTOS = YES_AGGRESSIVE;
				GCC_WARN_UNUSED_FUNCTION = YES;
				GCC_WARN_UNUSED_VARIABLE = YES;
				IPHONEOS_DEPLOYMENT_TARGET = 12.3;
				MTL_ENABLE_DEBUG_INFO = NO;
				MTL_FAST_MATH = YES;
				SDKROOT = iphoneos;
				SWIFT_COMPILATION_MODE = wholemodule;
				SWIFT_OPTIMIZATION_LEVEL = "-O";
				VALIDATE_PRODUCT = YES;
			};
			name = Release;
		};
		E494366C234C74DC00B3B71C /* Debug */ = {
			isa = XCBuildConfiguration;
			buildSettings = {
				ASSETCATALOG_COMPILER_APPICON_NAME = AppIcon;
				CODE_SIGN_STYLE = Automatic;
				DEVELOPMENT_TEAM = UMC49GGB2Z;
				INFOPLIST_FILE = WarCardGame/Info.plist;
				IPHONEOS_DEPLOYMENT_TARGET = 12.3;
				LD_RUNPATH_SEARCH_PATHS = (
					"$(inherited)",
					"@executable_path/Frameworks",
				);
				PRODUCT_BUNDLE_IDENTIFIER = yann.WarCardGame;
				PRODUCT_NAME = "$(TARGET_NAME)";
				SWIFT_VERSION = 5.0;
				TARGETED_DEVICE_FAMILY = "1,2";
			};
			name = Debug;
		};
		E494366D234C74DC00B3B71C /* Release */ = {
			isa = XCBuildConfiguration;
			buildSettings = {
				ASSETCATALOG_COMPILER_APPICON_NAME = AppIcon;
				CODE_SIGN_STYLE = Automatic;
				DEVELOPMENT_TEAM = UMC49GGB2Z;
				INFOPLIST_FILE = WarCardGame/Info.plist;
				IPHONEOS_DEPLOYMENT_TARGET = 12.3;
				LD_RUNPATH_SEARCH_PATHS = (
					"$(inherited)",
					"@executable_path/Frameworks",
				);
				PRODUCT_BUNDLE_IDENTIFIER = yann.WarCardGame;
				PRODUCT_NAME = "$(TARGET_NAME)";
				SWIFT_VERSION = 5.0;
				TARGETED_DEVICE_FAMILY = "1,2";
			};
			name = Release;
		};
		E494366F234C74DC00B3B71C /* Debug */ = {
			isa = XCBuildConfiguration;
			buildSettings = {
				ALWAYS_EMBED_SWIFT_STANDARD_LIBRARIES = YES;
				BUNDLE_LOADER = "$(TEST_HOST)";
				CODE_SIGN_STYLE = Automatic;
				INFOPLIST_FILE = WarCardGameTests/Info.plist;
				LD_RUNPATH_SEARCH_PATHS = (
					"$(inherited)",
					"@executable_path/Frameworks",
					"@loader_path/Frameworks",
				);
				PRODUCT_BUNDLE_IDENTIFIER = yann.WarCardGameTests;
				PRODUCT_NAME = "$(TARGET_NAME)";
				SWIFT_VERSION = 5.0;
				TARGETED_DEVICE_FAMILY = "1,2";
				TEST_HOST = "$(BUILT_PRODUCTS_DIR)/WarCardGame.app/WarCardGame";
			};
			name = Debug;
		};
		E4943670234C74DC00B3B71C /* Release */ = {
			isa = XCBuildConfiguration;
			buildSettings = {
				ALWAYS_EMBED_SWIFT_STANDARD_LIBRARIES = YES;
				BUNDLE_LOADER = "$(TEST_HOST)";
				CODE_SIGN_STYLE = Automatic;
				INFOPLIST_FILE = WarCardGameTests/Info.plist;
				LD_RUNPATH_SEARCH_PATHS = (
					"$(inherited)",
					"@executable_path/Frameworks",
					"@loader_path/Frameworks",
				);
				PRODUCT_BUNDLE_IDENTIFIER = yann.WarCardGameTests;
				PRODUCT_NAME = "$(TARGET_NAME)";
				SWIFT_VERSION = 5.0;
				TARGETED_DEVICE_FAMILY = "1,2";
				TEST_HOST = "$(BUILT_PRODUCTS_DIR)/WarCardGame.app/WarCardGame";
			};
			name = Release;
		};
		E4943672234C74DC00B3B71C /* Debug */ = {
			isa = XCBuildConfiguration;
			buildSettings = {
				ALWAYS_EMBED_SWIFT_STANDARD_LIBRARIES = YES;
				CODE_SIGN_STYLE = Automatic;
				INFOPLIST_FILE = WarCardGameUITests/Info.plist;
				LD_RUNPATH_SEARCH_PATHS = (
					"$(inherited)",
					"@executable_path/Frameworks",
					"@loader_path/Frameworks",
				);
				PRODUCT_BUNDLE_IDENTIFIER = yann.WarCardGameUITests;
				PRODUCT_NAME = "$(TARGET_NAME)";
				SWIFT_VERSION = 5.0;
				TARGETED_DEVICE_FAMILY = "1,2";
				TEST_TARGET_NAME = WarCardGame;
			};
			name = Debug;
		};
		E4943673234C74DC00B3B71C /* Release */ = {
			isa = XCBuildConfiguration;
			buildSettings = {
				ALWAYS_EMBED_SWIFT_STANDARD_LIBRARIES = YES;
				CODE_SIGN_STYLE = Automatic;
				INFOPLIST_FILE = WarCardGameUITests/Info.plist;
				LD_RUNPATH_SEARCH_PATHS = (
					"$(inherited)",
					"@executable_path/Frameworks",
					"@loader_path/Frameworks",
				);
				PRODUCT_BUNDLE_IDENTIFIER = yann.WarCardGameUITests;
				PRODUCT_NAME = "$(TARGET_NAME)";
				SWIFT_VERSION = 5.0;
				TARGETED_DEVICE_FAMILY = "1,2";
				TEST_TARGET_NAME = WarCardGame;
			};
			name = Release;
		};
/* End XCBuildConfiguration section */

/* Begin XCConfigurationList section */
		E494363E234C74D900B3B71C /* Build configuration list for PBXProject "WarCardGame" */ = {
			isa = XCConfigurationList;
			buildConfigurations = (
				E4943669234C74DC00B3B71C /* Debug */,
				E494366A234C74DC00B3B71C /* Release */,
			);
			defaultConfigurationIsVisible = 0;
			defaultConfigurationName = Release;
		};
		E494366B234C74DC00B3B71C /* Build configuration list for PBXNativeTarget "WarCardGame" */ = {
			isa = XCConfigurationList;
			buildConfigurations = (
				E494366C234C74DC00B3B71C /* Debug */,
				E494366D234C74DC00B3B71C /* Release */,
			);
			defaultConfigurationIsVisible = 0;
			defaultConfigurationName = Release;
		};
		E494366E234C74DC00B3B71C /* Build configuration list for PBXNativeTarget "WarCardGameTests" */ = {
			isa = XCConfigurationList;
			buildConfigurations = (
				E494366F234C74DC00B3B71C /* Debug */,
				E4943670234C74DC00B3B71C /* Release */,
			);
			defaultConfigurationIsVisible = 0;
			defaultConfigurationName = Release;
		};
		E4943671234C74DC00B3B71C /* Build configuration list for PBXNativeTarget "WarCardGameUITests" */ = {
			isa = XCConfigurationList;
			buildConfigurations = (
				E4943672234C74DC00B3B71C /* Debug */,
				E4943673234C74DC00B3B71C /* Release */,
			);
			defaultConfigurationIsVisible = 0;
			defaultConfigurationName = Release;
		};
/* End XCConfigurationList section */
	};
	rootObject = E494363B234C74D900B3B71C /* Project object */;
}
